
Microsoft Visual Studio Solution File, Format Version 12.00
# Visual Studio Version 16
VisualStudioVersion = 16.0.29911.84
MinimumVisualStudioVersion = 10.0.40219.1
Project("{888888A0-9F3D-457C-B088-3A5042F75D52}") = "Number_Classifier_v5", "Number_Classifier_v5\Number_Classifier_v5.pyproj", "{1B0099A6-1F4E-49E3-9BF3-E8C69CA7D823}"
EndProject
Global
	GlobalSection(SolutionConfigurationPlatforms) = preSolution
		Debug|Any CPU = Debug|Any CPU
		Release|Any CPU = Release|Any CPU
	EndGlobalSection
	GlobalSection(ProjectConfigurationPlatforms) = postSolution
		{1B0099A6-1F4E-49E3-9BF3-E8C69CA7D823}.Debug|Any CPU.ActiveCfg = Debug|Any CPU
		{1B0099A6-1F4E-49E3-9BF3-E8C69CA7D823}.Release|Any CPU.ActiveCfg = Release|Any CPU
	EndGlobalSection
	GlobalSection(SolutionProperties) = preSolution
		HideSolutionNode = FALSE
	EndGlobalSection
	GlobalSection(ExtensibilityGlobals) = postSolution
		SolutionGuid = {3A97E698-CB59-47B1-80D2-17EB602D60D0}
	EndGlobalSection
EndGlobal
